
Microsoft Visual Studio Solution File, Format Version 12.00
# Visual Studio Version 17
VisualStudioVersion = 17.14.36109.1
MinimumVisualStudioVersion = 10.0.40219.1
Project("{FAE04EC0-301F-11D3-BF4B-00C04F79EFBC}") = "Craft.Utils", "Craft.Utils\Craft.Utils.csproj", "{6B618B8E-CB34-4F83-9BAE-82C609771744}"
EndProject
Project("{FAE04EC0-301F-11D3-BF4B-00C04F79EFBC}") = "Craft.Persistence", "Craft.Persistence\Craft.Persistence.csproj", "{85B08CFA-D3E8-49A6-8771-A057BF5A77DD}"
EndProject
Project("{FAE04EC0-301F-11D3-BF4B-00C04F79EFBC}") = "Craft.Persistence.EntityFrameworkCore", "Craft.Persistence.EntityFrameworkCore\Craft.Persistence.EntityFrameworkCore.csproj", "{BE424025-D842-C491-88DB-80113683A306}"
EndProject
Project("{FAE04EC0-301F-11D3-BF4B-00C04F79EFBC}") = "Craft.Math", "Craft.Math\Craft.Math.csproj", "{AA3675DF-4762-0E15-C1A3-92438D8D5F9E}"
EndProject
Project("{FAE04EC0-301F-11D3-BF4B-00C04F79EFBC}") = "Craft.Domain", "Craft.Domain\Craft.Domain.csproj", "{75E46168-E11B-A4E6-5718-8ED34BD866C3}"
EndProject
Project("{FAE04EC0-301F-11D3-BF4B-00C04F79EFBC}") = "Craft.Logging", "Craft.Logging\Craft.Logging.csproj", "{731271E0-0A6F-514D-0BCA-9A31A3E3FD24}"
EndProject
Project("{FAE04EC0-301F-11D3-BF4B-00C04F79EFBC}") = "Craft.Logging.Log4Net", "Craft.Logging.Log4Net\Craft.Logging.Log4Net.csproj", "{913D3C71-261B-0541-B7BB-8BB667D54002}"
EndProject
Project("{FAE04EC0-301F-11D3-BF4B-00C04F79EFBC}") = "Craft.DataStructures", "Craft.DataStructures\Craft.DataStructures.csproj", "{7CE589D0-BE4D-49E2-98C7-DF0FE78EF4C7}"
EndProject
Project("{FAE04EC0-301F-11D3-BF4B-00C04F79EFBC}") = "Craft.Algorithms", "Craft.Algorithms\Craft.Algorithms.csproj", "{9D104CFD-A3D3-414A-96E3-E0C7A61D7125}"
EndProject
Project("{FAE04EC0-301F-11D3-BF4B-00C04F79EFBC}") = "Craft.IO.Utils", "Craft.IO.Utils\Craft.IO.Utils.csproj", "{15B54807-BE1B-4A4F-9727-1578050939AB}"
EndProject
Project("{FAE04EC0-301F-11D3-BF4B-00C04F79EFBC}") = "Craft.UI.Utils", "Craft.UI.Utils\Craft.UI.Utils.csproj", "{D6A3EC26-A8F2-366B-E872-7B540A3FF73F}"
EndProject
Project("{FAE04EC0-301F-11D3-BF4B-00C04F79EFBC}") = "Craft.UIElements", "Craft.UIElements\Craft.UIElements.csproj", "{FA9FA3C8-E582-294F-66D6-9AB87F34AE53}"
EndProject
Project("{FAE04EC0-301F-11D3-BF4B-00C04F79EFBC}") = "Craft.ViewModels", "Craft.ViewModels\Craft.ViewModels.csproj", "{86C5D209-734E-9A5E-8E42-C40CEC6C63BF}"
EndProject
Project("{FAE04EC0-301F-11D3-BF4B-00C04F79EFBC}") = "Craft.ViewModel.Utils", "Craft.ViewModel.Utils\Craft.ViewModel.Utils.csproj", "{F853FF7A-F510-D6EA-D72F-EBAB3ED00865}"
EndProject
Project("{2150E333-8FDC-42A3-9474-1A3956D46DE8}") = "Solution Items", "Solution Items", "{8EC462FD-D22E-90A8-E5CE-7E832BA40C5D}"
	ProjectSection(SolutionItems) = preProject
		Directory.Build.props = Directory.Build.props
	EndProjectSection
EndProject
Project("{FAE04EC0-301F-11D3-BF4B-00C04F79EFBC}") = "Craft.Algorithms.GuiTest", "Craft.Algorithms.GuiTest\Craft.Algorithms.GuiTest.csproj", "{95933C75-0598-1BF5-4A11-69B1DFD35025}"
EndProject
Project("{FAE04EC0-301F-11D3-BF4B-00C04F79EFBC}") = "Craft.Algorithms.UnitTest", "Craft.Algorithms.UnitTest\Craft.Algorithms.UnitTest.csproj", "{33BE1174-89E8-457C-17C8-0DEED2ABEA2A}"
EndProject
Project("{FAE04EC0-301F-11D3-BF4B-00C04F79EFBC}") = "Craft.DataStructures.IO", "Craft.DataStructures.IO\Craft.DataStructures.IO.csproj", "{392F26D3-549D-C54B-95CE-F48E2FC8DDA1}"
EndProject
Project("{FAE04EC0-301F-11D3-BF4B-00C04F79EFBC}") = "Craft.DataStructures.IO.UnitTest", "Craft.DataStructures.IO.UnitTest\Craft.DataStructures.IO.UnitTest.csproj", "{14FE3792-11B2-16BC-B33B-AF8048C59A43}"
EndProject
Project("{FAE04EC0-301F-11D3-BF4B-00C04F79EFBC}") = "Craft.DataStructures.IO.UI.Console", "Craft.DataStructures.IO.UI.Console\Craft.DataStructures.IO.UI.Console.csproj", "{AFC76779-5FDF-A5D6-0F5E-C138F250D4DE}"
EndProject
Project("{FAE04EC0-301F-11D3-BF4B-00C04F79EFBC}") = "Craft.DataStructures.UnitTest", "Craft.DataStructures.UnitTest\Craft.DataStructures.UnitTest.csproj", "{DE507357-1204-017D-F211-80D15C6DFE86}"
EndProject
Project("{FAE04EC0-301F-11D3-BF4B-00C04F79EFBC}") = "Craft.GeometryEditor3D.ViewModel", "Craft.GeometryEditor3D.ViewModel\Craft.GeometryEditor3D.ViewModel.csproj", "{9F76A3ED-49E1-1282-FCBA-28BE7CB9D81F}"
EndProject
Project("{FAE04EC0-301F-11D3-BF4B-00C04F79EFBC}") = "Craft.GeometryEditor3D.UI.WPF", "Craft.GeometryEditor3D.UI.WPF\Craft.GeometryEditor3D.UI.WPF.csproj", "{04B6A593-0B3F-0A88-7F8B-3079BA1EA0DF}"
EndProject
Project("{FAE04EC0-301F-11D3-BF4B-00C04F79EFBC}") = "Craft.Math.UnitTest", "Craft.Math.UnitTest\Craft.Math.UnitTest.csproj", "{7607F200-F145-0CAD-6EA3-35D13C7245C5}"
EndProject
Project("{FAE04EC0-301F-11D3-BF4B-00C04F79EFBC}") = "Craft.Utils.UnitTest", "Craft.Utils.UnitTest\Craft.Utils.UnitTest.csproj", "{73FE73C1-8E0A-EA1C-73AD-AC0981091EFE}"
EndProject
Project("{FAE04EC0-301F-11D3-BF4B-00C04F79EFBC}") = "Craft.UIElements.GuiTest", "Craft.UIElements.GuiTest\Craft.UIElements.GuiTest.csproj", "{CC9AA3AF-00E1-0AD0-F1A6-2807528CDAFD}"
EndProject
Project("{FAE04EC0-301F-11D3-BF4B-00C04F79EFBC}") = "Craft.Simulation", "Craft.Simulation\Craft.Simulation.csproj", "{8D240979-3466-458F-AF25-07C075B74427}"
EndProject
Project("{FAE04EC0-301F-11D3-BF4B-00C04F79EFBC}") = "Craft.Simulation.GuiTest", "Craft.Simulation.GuiTest\Craft.Simulation.GuiTest.csproj", "{1CE1C124-2F3A-438C-82D5-36AFB6DD6A6F}"
EndProject
Global
	GlobalSection(SolutionConfigurationPlatforms) = preSolution
		Debug|Any CPU = Debug|Any CPU
		Release|Any CPU = Release|Any CPU
	EndGlobalSection
	GlobalSection(ProjectConfigurationPlatforms) = postSolution
		{6B618B8E-CB34-4F83-9BAE-82C609771744}.Debug|Any CPU.ActiveCfg = Debug|Any CPU
		{6B618B8E-CB34-4F83-9BAE-82C609771744}.Debug|Any CPU.Build.0 = Debug|Any CPU
		{6B618B8E-CB34-4F83-9BAE-82C609771744}.Release|Any CPU.ActiveCfg = Release|Any CPU
		{6B618B8E-CB34-4F83-9BAE-82C609771744}.Release|Any CPU.Build.0 = Release|Any CPU
		{85B08CFA-D3E8-49A6-8771-A057BF5A77DD}.Debug|Any CPU.ActiveCfg = Debug|Any CPU
		{85B08CFA-D3E8-49A6-8771-A057BF5A77DD}.Debug|Any CPU.Build.0 = Debug|Any CPU
		{85B08CFA-D3E8-49A6-8771-A057BF5A77DD}.Release|Any CPU.ActiveCfg = Release|Any CPU
		{85B08CFA-D3E8-49A6-8771-A057BF5A77DD}.Release|Any CPU.Build.0 = Release|Any CPU
		{BE424025-D842-C491-88DB-80113683A306}.Debug|Any CPU.ActiveCfg = Debug|Any CPU
		{BE424025-D842-C491-88DB-80113683A306}.Debug|Any CPU.Build.0 = Debug|Any CPU
		{BE424025-D842-C491-88DB-80113683A306}.Release|Any CPU.ActiveCfg = Release|Any CPU
		{BE424025-D842-C491-88DB-80113683A306}.Release|Any CPU.Build.0 = Release|Any CPU
		{AA3675DF-4762-0E15-C1A3-92438D8D5F9E}.Debug|Any CPU.ActiveCfg = Debug|Any CPU
		{AA3675DF-4762-0E15-C1A3-92438D8D5F9E}.Debug|Any CPU.Build.0 = Debug|Any CPU
		{AA3675DF-4762-0E15-C1A3-92438D8D5F9E}.Release|Any CPU.ActiveCfg = Release|Any CPU
		{AA3675DF-4762-0E15-C1A3-92438D8D5F9E}.Release|Any CPU.Build.0 = Release|Any CPU
		{75E46168-E11B-A4E6-5718-8ED34BD866C3}.Debug|Any CPU.ActiveCfg = Debug|Any CPU
		{75E46168-E11B-A4E6-5718-8ED34BD866C3}.Debug|Any CPU.Build.0 = Debug|Any CPU
		{75E46168-E11B-A4E6-5718-8ED34BD866C3}.Release|Any CPU.ActiveCfg = Release|Any CPU
		{75E46168-E11B-A4E6-5718-8ED34BD866C3}.Release|Any CPU.Build.0 = Release|Any CPU
		{731271E0-0A6F-514D-0BCA-9A31A3E3FD24}.Debug|Any CPU.ActiveCfg = Debug|Any CPU
		{731271E0-0A6F-514D-0BCA-9A31A3E3FD24}.Debug|Any CPU.Build.0 = Debug|Any CPU
		{731271E0-0A6F-514D-0BCA-9A31A3E3FD24}.Release|Any CPU.ActiveCfg = Release|Any CPU
		{731271E0-0A6F-514D-0BCA-9A31A3E3FD24}.Release|Any CPU.Build.0 = Release|Any CPU
		{913D3C71-261B-0541-B7BB-8BB667D54002}.Debug|Any CPU.ActiveCfg = Debug|Any CPU
		{913D3C71-261B-0541-B7BB-8BB667D54002}.Debug|Any CPU.Build.0 = Debug|Any CPU
		{913D3C71-261B-0541-B7BB-8BB667D54002}.Release|Any CPU.ActiveCfg = Release|Any CPU
		{913D3C71-261B-0541-B7BB-8BB667D54002}.Release|Any CPU.Build.0 = Release|Any CPU
		{7CE589D0-BE4D-49E2-98C7-DF0FE78EF4C7}.Debug|Any CPU.ActiveCfg = Debug|Any CPU
		{7CE589D0-BE4D-49E2-98C7-DF0FE78EF4C7}.Debug|Any CPU.Build.0 = Debug|Any CPU
		{7CE589D0-BE4D-49E2-98C7-DF0FE78EF4C7}.Release|Any CPU.ActiveCfg = Release|Any CPU
		{7CE589D0-BE4D-49E2-98C7-DF0FE78EF4C7}.Release|Any CPU.Build.0 = Release|Any CPU
		{9D104CFD-A3D3-414A-96E3-E0C7A61D7125}.Debug|Any CPU.ActiveCfg = Debug|Any CPU
		{9D104CFD-A3D3-414A-96E3-E0C7A61D7125}.Debug|Any CPU.Build.0 = Debug|Any CPU
		{9D104CFD-A3D3-414A-96E3-E0C7A61D7125}.Release|Any CPU.ActiveCfg = Release|Any CPU
		{9D104CFD-A3D3-414A-96E3-E0C7A61D7125}.Release|Any CPU.Build.0 = Release|Any CPU
		{15B54807-BE1B-4A4F-9727-1578050939AB}.Debug|Any CPU.ActiveCfg = Debug|Any CPU
		{15B54807-BE1B-4A4F-9727-1578050939AB}.Debug|Any CPU.Build.0 = Debug|Any CPU
		{15B54807-BE1B-4A4F-9727-1578050939AB}.Release|Any CPU.ActiveCfg = Release|Any CPU
		{15B54807-BE1B-4A4F-9727-1578050939AB}.Release|Any CPU.Build.0 = Release|Any CPU
		{D6A3EC26-A8F2-366B-E872-7B540A3FF73F}.Debug|Any CPU.ActiveCfg = Debug|Any CPU
		{D6A3EC26-A8F2-366B-E872-7B540A3FF73F}.Debug|Any CPU.Build.0 = Debug|Any CPU
		{D6A3EC26-A8F2-366B-E872-7B540A3FF73F}.Release|Any CPU.ActiveCfg = Release|Any CPU
		{D6A3EC26-A8F2-366B-E872-7B540A3FF73F}.Release|Any CPU.Build.0 = Release|Any CPU
		{FA9FA3C8-E582-294F-66D6-9AB87F34AE53}.Debug|Any CPU.ActiveCfg = Debug|Any CPU
		{FA9FA3C8-E582-294F-66D6-9AB87F34AE53}.Debug|Any CPU.Build.0 = Debug|Any CPU
		{FA9FA3C8-E582-294F-66D6-9AB87F34AE53}.Release|Any CPU.ActiveCfg = Release|Any CPU
		{FA9FA3C8-E582-294F-66D6-9AB87F34AE53}.Release|Any CPU.Build.0 = Release|Any CPU
		{86C5D209-734E-9A5E-8E42-C40CEC6C63BF}.Debug|Any CPU.ActiveCfg = Debug|Any CPU
		{86C5D209-734E-9A5E-8E42-C40CEC6C63BF}.Debug|Any CPU.Build.0 = Debug|Any CPU
		{86C5D209-734E-9A5E-8E42-C40CEC6C63BF}.Release|Any CPU.ActiveCfg = Release|Any CPU
		{86C5D209-734E-9A5E-8E42-C40CEC6C63BF}.Release|Any CPU.Build.0 = Release|Any CPU
		{F853FF7A-F510-D6EA-D72F-EBAB3ED00865}.Debug|Any CPU.ActiveCfg = Debug|Any CPU
		{F853FF7A-F510-D6EA-D72F-EBAB3ED00865}.Debug|Any CPU.Build.0 = Debug|Any CPU
		{F853FF7A-F510-D6EA-D72F-EBAB3ED00865}.Release|Any CPU.ActiveCfg = Release|Any CPU
		{F853FF7A-F510-D6EA-D72F-EBAB3ED00865}.Release|Any CPU.Build.0 = Release|Any CPU
		{95933C75-0598-1BF5-4A11-69B1DFD35025}.Debug|Any CPU.ActiveCfg = Debug|Any CPU
		{95933C75-0598-1BF5-4A11-69B1DFD35025}.Debug|Any CPU.Build.0 = Debug|Any CPU
		{95933C75-0598-1BF5-4A11-69B1DFD35025}.Release|Any CPU.ActiveCfg = Release|Any CPU
		{95933C75-0598-1BF5-4A11-69B1DFD35025}.Release|Any CPU.Build.0 = Release|Any CPU
		{33BE1174-89E8-457C-17C8-0DEED2ABEA2A}.Debug|Any CPU.ActiveCfg = Debug|Any CPU
		{33BE1174-89E8-457C-17C8-0DEED2ABEA2A}.Debug|Any CPU.Build.0 = Debug|Any CPU
		{33BE1174-89E8-457C-17C8-0DEED2ABEA2A}.Release|Any CPU.ActiveCfg = Release|Any CPU
		{33BE1174-89E8-457C-17C8-0DEED2ABEA2A}.Release|Any CPU.Build.0 = Release|Any CPU
		{392F26D3-549D-C54B-95CE-F48E2FC8DDA1}.Debug|Any CPU.ActiveCfg = Debug|Any CPU
		{392F26D3-549D-C54B-95CE-F48E2FC8DDA1}.Debug|Any CPU.Build.0 = Debug|Any CPU
		{392F26D3-549D-C54B-95CE-F48E2FC8DDA1}.Release|Any CPU.ActiveCfg = Release|Any CPU
		{392F26D3-549D-C54B-95CE-F48E2FC8DDA1}.Release|Any CPU.Build.0 = Release|Any CPU
		{14FE3792-11B2-16BC-B33B-AF8048C59A43}.Debug|Any CPU.ActiveCfg = Debug|Any CPU
		{14FE3792-11B2-16BC-B33B-AF8048C59A43}.Debug|Any CPU.Build.0 = Debug|Any CPU
		{14FE3792-11B2-16BC-B33B-AF8048C59A43}.Release|Any CPU.ActiveCfg = Release|Any CPU
		{14FE3792-11B2-16BC-B33B-AF8048C59A43}.Release|Any CPU.Build.0 = Release|Any CPU
		{AFC76779-5FDF-A5D6-0F5E-C138F250D4DE}.Debug|Any CPU.ActiveCfg = Debug|Any CPU
		{AFC76779-5FDF-A5D6-0F5E-C138F250D4DE}.Debug|Any CPU.Build.0 = Debug|Any CPU
		{AFC76779-5FDF-A5D6-0F5E-C138F250D4DE}.Release|Any CPU.ActiveCfg = Release|Any CPU
		{AFC76779-5FDF-A5D6-0F5E-C138F250D4DE}.Release|Any CPU.Build.0 = Release|Any CPU
		{DE507357-1204-017D-F211-80D15C6DFE86}.Debug|Any CPU.ActiveCfg = Debug|Any CPU
		{DE507357-1204-017D-F211-80D15C6DFE86}.Debug|Any CPU.Build.0 = Debug|Any CPU
		{DE507357-1204-017D-F211-80D15C6DFE86}.Release|Any CPU.ActiveCfg = Release|Any CPU
		{DE507357-1204-017D-F211-80D15C6DFE86}.Release|Any CPU.Build.0 = Release|Any CPU
		{9F76A3ED-49E1-1282-FCBA-28BE7CB9D81F}.Debug|Any CPU.ActiveCfg = Debug|Any CPU
		{9F76A3ED-49E1-1282-FCBA-28BE7CB9D81F}.Debug|Any CPU.Build.0 = Debug|Any CPU
		{9F76A3ED-49E1-1282-FCBA-28BE7CB9D81F}.Release|Any CPU.ActiveCfg = Release|Any CPU
		{9F76A3ED-49E1-1282-FCBA-28BE7CB9D81F}.Release|Any CPU.Build.0 = Release|Any CPU
		{04B6A593-0B3F-0A88-7F8B-3079BA1EA0DF}.Debug|Any CPU.ActiveCfg = Debug|Any CPU
		{04B6A593-0B3F-0A88-7F8B-3079BA1EA0DF}.Debug|Any CPU.Build.0 = Debug|Any CPU
		{04B6A593-0B3F-0A88-7F8B-3079BA1EA0DF}.Release|Any CPU.ActiveCfg = Release|Any CPU
		{04B6A593-0B3F-0A88-7F8B-3079BA1EA0DF}.Release|Any CPU.Build.0 = Release|Any CPU
		{7607F200-F145-0CAD-6EA3-35D13C7245C5}.Debug|Any CPU.ActiveCfg = Debug|Any CPU
		{7607F200-F145-0CAD-6EA3-35D13C7245C5}.Debug|Any CPU.Build.0 = Debug|Any CPU
		{7607F200-F145-0CAD-6EA3-35D13C7245C5}.Release|Any CPU.ActiveCfg = Release|Any CPU
		{7607F200-F145-0CAD-6EA3-35D13C7245C5}.Release|Any CPU.Build.0 = Release|Any CPU
		{73FE73C1-8E0A-EA1C-73AD-AC0981091EFE}.Debug|Any CPU.ActiveCfg = Debug|Any CPU
		{73FE73C1-8E0A-EA1C-73AD-AC0981091EFE}.Debug|Any CPU.Build.0 = Debug|Any CPU
		{73FE73C1-8E0A-EA1C-73AD-AC0981091EFE}.Release|Any CPU.ActiveCfg = Release|Any CPU
		{73FE73C1-8E0A-EA1C-73AD-AC0981091EFE}.Release|Any CPU.Build.0 = Release|Any CPU
		{CC9AA3AF-00E1-0AD0-F1A6-2807528CDAFD}.Debug|Any CPU.ActiveCfg = Debug|Any CPU
		{CC9AA3AF-00E1-0AD0-F1A6-2807528CDAFD}.Debug|Any CPU.Build.0 = Debug|Any CPU
		{CC9AA3AF-00E1-0AD0-F1A6-2807528CDAFD}.Release|Any CPU.ActiveCfg = Release|Any CPU
		{CC9AA3AF-00E1-0AD0-F1A6-2807528CDAFD}.Release|Any CPU.Build.0 = Release|Any CPU
		{8D240979-3466-458F-AF25-07C075B74427}.Debug|Any CPU.ActiveCfg = Debug|Any CPU
		{8D240979-3466-458F-AF25-07C075B74427}.Debug|Any CPU.Build.0 = Debug|Any CPU
		{8D240979-3466-458F-AF25-07C075B74427}.Release|Any CPU.ActiveCfg = Release|Any CPU
		{8D240979-3466-458F-AF25-07C075B74427}.Release|Any CPU.Build.0 = Release|Any CPU
		{1CE1C124-2F3A-438C-82D5-36AFB6DD6A6F}.Debug|Any CPU.ActiveCfg = Debug|Any CPU
		{1CE1C124-2F3A-438C-82D5-36AFB6DD6A6F}.Debug|Any CPU.Build.0 = Debug|Any CPU
		{1CE1C124-2F3A-438C-82D5-36AFB6DD6A6F}.Release|Any CPU.ActiveCfg = Release|Any CPU
		{1CE1C124-2F3A-438C-82D5-36AFB6DD6A6F}.Release|Any CPU.Build.0 = Release|Any CPU
	EndGlobalSection
	GlobalSection(SolutionProperties) = preSolution
		HideSolutionNode = FALSE
	EndGlobalSection
	GlobalSection(ExtensibilityGlobals) = postSolution
		SolutionGuid = {5A878027-DA94-4637-A739-28A04B495BD5}
	EndGlobalSection
EndGlobal
